{
  "name": "solitaire",
  "version": "0.0.0",
  "lockfileVersion": 1,
  "requires": true,
  "dependencies": {
    "edge-launcher": {
      "version": "1.2.2",
      "resolved": "https://registry.npmjs.org/edge-launcher/-/edge-launcher-1.2.2.tgz",
      "integrity": "sha1-60Cq+9Bnpup27/+rBke81VCbN7I=",
      "dev": true
    },
    "karma-edge-launcher": {
      "version": "0.4.2",
      "resolved": "https://registry.npmjs.org/karma-edge-launcher/-/karma-edge-launcher-0.4.2.tgz",
      "integrity": "sha512-YAJZb1fmRcxNhMIWYsjLuxwODBjh2cSHgTW/jkVmdpGguJjLbs9ZgIK/tEJsMQcBLUkO+yO4LBbqYxqgGW2HIw==",
      "dev": true,
      "requires": {
        "edge-launcher": "1.2.2"
      }
    },
    "karma-ie-launcher": {
      "version": "1.0.0",
      "resolved": "https://registry.npmjs.org/karma-ie-launcher/-/karma-ie-launcher-1.0.0.tgz",
      "integrity": "sha1-SXmGhCxJAZA0bNifVJTKmDDG1Zw=",
      "dev": true,
      "requires": {
        "lodash": "4.17.10"
      }
    },
    "lodash": {
      "version": "4.17.10",
      "resolved": "https://registry.npmjs.org/lodash/-/lodash-4.17.10.tgz",
      "integrity": "sha512-UejweD1pDoXu+AD825lWwp4ZGtSwgnpZxb3JDViD7StjQz+Nb/6l093lx4OQ0foGWNRoc19mWy7BzL+UAK2iVg==",
      "dev": true
    }
  }
}
